
Microsoft Visual Studio Solution File, Format Version 12.00
# Visual Studio Version 17
VisualStudioVersion = 17.8.34316.72
MinimumVisualStudioVersion = 10.0.40219.1
Project("{FAE04EC0-301F-11D3-BF4B-00C04F79EFBC}") = "Z80Dissassembler", "Z80Dissassembler.csproj", "{DF3C6BD2-266D-43B3-929A-D3F6636C1BFE}"
EndProject
Global
	GlobalSection(SolutionConfigurationPlatforms) = preSolution
		Debug|Any CPU = Debug|Any CPU
		Release|Any CPU = Release|Any CPU
	EndGlobalSection
	GlobalSection(ProjectConfigurationPlatforms) = postSolution
		{DF3C6BD2-266D-43B3-929A-D3F6636C1BFE}.Debug|Any CPU.ActiveCfg = Debug|Any CPU
		{DF3C6BD2-266D-43B3-929A-D3F6636C1BFE}.Debug|Any CPU.Build.0 = Debug|Any CPU
		{DF3C6BD2-266D-43B3-929A-D3F6636C1BFE}.Release|Any CPU.ActiveCfg = Release|Any CPU
		{DF3C6BD2-266D-43B3-929A-D3F6636C1BFE}.Release|Any CPU.Build.0 = Release|Any CPU
	EndGlobalSection
	GlobalSection(SolutionProperties) = preSolution
		HideSolutionNode = FALSE
	EndGlobalSection
	GlobalSection(ExtensibilityGlobals) = postSolution
		SolutionGuid = {1771AF12-10CF-41E5-8E10-B59E2F541C76}
	EndGlobalSection
EndGlobal
